
Microsoft Visual Studio Solution File, Format Version 12.00
# Visual Studio Version 17
VisualStudioVersion = 17.14.36401.2 d17.14
MinimumVisualStudioVersion = 10.0.40219.1
Project("{FAE04EC0-301F-11D3-BF4B-00C04F79EFBC}") = "PopFlixBackend", "PopFlixBackend\PopFlixBackend.csproj", "{A16649F8-416D-41B7-ACBB-A45A98DE2442}"
EndProject
Project("{FAE04EC0-301F-11D3-BF4B-00C04F79EFBC}") = "PopFlixWebFrontend", "PopFlixWebFrontend\PopFlixWebFrontend.csproj", "{362BAE5D-4D35-485E-A04B-337D337D44B8}"
EndProject
Global
	GlobalSection(SolutionConfigurationPlatforms) = preSolution
		Debug|Any CPU = Debug|Any CPU
		Release|Any CPU = Release|Any CPU
	EndGlobalSection
	GlobalSection(ProjectConfigurationPlatforms) = postSolution
		{A16649F8-416D-41B7-ACBB-A45A98DE2442}.Debug|Any CPU.ActiveCfg = Debug|Any CPU
		{A16649F8-416D-41B7-ACBB-A45A98DE2442}.Debug|Any CPU.Build.0 = Debug|Any CPU
		{A16649F8-416D-41B7-ACBB-A45A98DE2442}.Release|Any CPU.ActiveCfg = Release|Any CPU
		{A16649F8-416D-41B7-ACBB-A45A98DE2442}.Release|Any CPU.Build.0 = Release|Any CPU
		{362BAE5D-4D35-485E-A04B-337D337D44B8}.Debug|Any CPU.ActiveCfg = Debug|Any CPU
		{362BAE5D-4D35-485E-A04B-337D337D44B8}.Debug|Any CPU.Build.0 = Debug|Any CPU
		{362BAE5D-4D35-485E-A04B-337D337D44B8}.Release|Any CPU.ActiveCfg = Release|Any CPU
		{362BAE5D-4D35-485E-A04B-337D337D44B8}.Release|Any CPU.Build.0 = Release|Any CPU
	EndGlobalSection
	GlobalSection(SolutionProperties) = preSolution
		HideSolutionNode = FALSE
	EndGlobalSection
	GlobalSection(ExtensibilityGlobals) = postSolution
		SolutionGuid = {BB87CCCA-D4ED-488A-B518-6DF02AD558F4}
	EndGlobalSection
EndGlobal
